
Microsoft Visual Studio Solution File, Format Version 12.00
# Visual Studio 15
Project("{FAE04EC0-301F-11D3-BF4B-00C04F79EFBC}") = "Assembly-CSharp", "Assembly-CSharp.csproj", "{8A466E6D-B651-0F25-76C4-D8EF5421B9F7}"
EndProject
Project("{FAE04EC0-301F-11D3-BF4B-00C04F79EFBC}") = "Assembly-CSharp-firstpass", "Assembly-CSharp-firstpass.csproj", "{94477060-A76D-E3EF-A3E8-97FAF9932BE9}"
EndProject
Project("{FAE04EC0-301F-11D3-BF4B-00C04F79EFBC}") = "Assembly-CSharp-Editor", "Assembly-CSharp-Editor.csproj", "{7861A987-8AB5-2E94-E6D1-DFCF59CC1729}"
EndProject
Project("{FAE04EC0-301F-11D3-BF4B-00C04F79EFBC}") = "Assembly-CSharp-Editor-firstpass", "Assembly-CSharp-Editor-firstpass.csproj", "{F1B2E27B-F8DB-D859-5FC7-2F244273B80F}"
EndProject
Global
	GlobalSection(SolutionConfigurationPlatforms) = preSolution
		Debug|Any CPU = Debug|Any CPU
		Release|Any CPU = Release|Any CPU
	EndGlobalSection
	GlobalSection(ProjectConfigurationPlatforms) = postSolution
		{8A466E6D-B651-0F25-76C4-D8EF5421B9F7}.Debug|Any CPU.ActiveCfg = Debug|Any CPU
		{8A466E6D-B651-0F25-76C4-D8EF5421B9F7}.Debug|Any CPU.Build.0 = Debug|Any CPU
		{8A466E6D-B651-0F25-76C4-D8EF5421B9F7}.Release|Any CPU.ActiveCfg = Release|Any CPU
		{8A466E6D-B651-0F25-76C4-D8EF5421B9F7}.Release|Any CPU.Build.0 = Release|Any CPU
		{94477060-A76D-E3EF-A3E8-97FAF9932BE9}.Debug|Any CPU.ActiveCfg = Debug|Any CPU
		{94477060-A76D-E3EF-A3E8-97FAF9932BE9}.Debug|Any CPU.Build.0 = Debug|Any CPU
		{94477060-A76D-E3EF-A3E8-97FAF9932BE9}.Release|Any CPU.ActiveCfg = Release|Any CPU
		{94477060-A76D-E3EF-A3E8-97FAF9932BE9}.Release|Any CPU.Build.0 = Release|Any CPU
		{7861A987-8AB5-2E94-E6D1-DFCF59CC1729}.Debug|Any CPU.ActiveCfg = Debug|Any CPU
		{7861A987-8AB5-2E94-E6D1-DFCF59CC1729}.Debug|Any CPU.Build.0 = Debug|Any CPU
		{7861A987-8AB5-2E94-E6D1-DFCF59CC1729}.Release|Any CPU.ActiveCfg = Release|Any CPU
		{7861A987-8AB5-2E94-E6D1-DFCF59CC1729}.Release|Any CPU.Build.0 = Release|Any CPU
		{F1B2E27B-F8DB-D859-5FC7-2F244273B80F}.Debug|Any CPU.ActiveCfg = Debug|Any CPU
		{F1B2E27B-F8DB-D859-5FC7-2F244273B80F}.Debug|Any CPU.Build.0 = Debug|Any CPU
		{F1B2E27B-F8DB-D859-5FC7-2F244273B80F}.Release|Any CPU.ActiveCfg = Release|Any CPU
		{F1B2E27B-F8DB-D859-5FC7-2F244273B80F}.Release|Any CPU.Build.0 = Release|Any CPU
	EndGlobalSection
	GlobalSection(SolutionProperties) = preSolution
		HideSolutionNode = FALSE
	EndGlobalSection
EndGlobal
